// !$*UTF8*$!
{
	archiveVersion = 1;
	classes = {
	};
	objectVersion = 55;
	objects = {

/* Begin PBXBuildFile section */
		D7414B99289A97460053FBF1 /* AppDelegate.swift in Sources */ = {isa = PBXBuildFile; fileRef = D7414B98289A97460053FBF1 /* AppDelegate.swift */; };
		D7414B9B289A97460053FBF1 /* SceneDelegate.swift in Sources */ = {isa = PBXBuildFile; fileRef = D7414B9A289A97460053FBF1 /* SceneDelegate.swift */; };
		D7414B9D289A97460053FBF1 /* ViewController.swift in Sources */ = {isa = PBXBuildFile; fileRef = D7414B9C289A97460053FBF1 /* ViewController.swift */; };
		D7414BA0289A97460053FBF1 /* Main.storyboard in Resources */ = {isa = PBXBuildFile; fileRef = D7414B9E289A97460053FBF1 /* Main.storyboard */; };
		D7414BA2289A97470053FBF1 /* Assets.xcassets in Resources */ = {isa = PBXBuildFile; fileRef = D7414BA1289A97470053FBF1 /* Assets.xcassets */; };
		D7414BA5289A97470053FBF1 /* LaunchScreen.storyboard in Resources */ = {isa = PBXBuildFile; fileRef = D7414BA3289A97470053FBF1 /* LaunchScreen.storyboard */; };
		D7414BB0289A97470053FBF1 /* Contacts_NewTests.swift in Sources */ = {isa = PBXBuildFile; fileRef = D7414BAF289A97470053FBF1 /* Contacts_NewTests.swift */; };
		D7414BBA289A97470053FBF1 /* Contacts_NewUITests.swift in Sources */ = {isa = PBXBuildFile; fileRef = D7414BB9289A97470053FBF1 /* Contacts_NewUITests.swift */; };
		D7414BBC289A97470053FBF1 /* Contacts_NewUITestsLaunchTests.swift in Sources */ = {isa = PBXBuildFile; fileRef = D7414BBB289A97470053FBF1 /* Contacts_NewUITestsLaunchTests.swift */; };
/* End PBXBuildFile section */

/* Begin PBXContainerItemProxy section */
		D7414BAC289A97470053FBF1 /* PBXContainerItemProxy */ = {
			isa = PBXContainerItemProxy;
			containerPortal = D7414B8D289A97460053FBF1 /* Project object */;
			proxyType = 1;
			remoteGlobalIDString = D7414B94289A97460053FBF1;
			remoteInfo = "Contacts New";
		};
		D7414BB6289A97470053FBF1 /* PBXContainerItemProxy */ = {
			isa = PBXContainerItemProxy;
			containerPortal = D7414B8D289A97460053FBF1 /* Project object */;
			proxyType = 1;
			remoteGlobalIDString = D7414B94289A97460053FBF1;
			remoteInfo = "Contacts New";
		};
/* End PBXContainerItemProxy section */

/* Begin PBXFileReference section */
		D7414B95289A97460053FBF1 /* Contacts New.app */ = {isa = PBXFileReference; explicitFileType = wrapper.application; includeInIndex = 0; path = "Contacts New.app"; sourceTree = BUILT_PRODUCTS_DIR; };
		D7414B98289A97460053FBF1 /* AppDelegate.swift */ = {isa = PBXFileReference; lastKnownFileType = sourcecode.swift; path = AppDelegate.swift; sourceTree = "<group>"; };
		D7414B9A289A97460053FBF1 /* SceneDelegate.swift */ = {isa = PBXFileReference; lastKnownFileType = sourcecode.swift; path = SceneDelegate.swift; sourceTree = "<group>"; };
		D7414B9C289A97460053FBF1 /* ViewController.swift */ = {isa = PBXFileReference; lastKnownFileType = sourcecode.swift; path = ViewController.swift; sourceTree = "<group>"; };
		D7414B9F289A97460053FBF1 /* Base */ = {isa = PBXFileReference; lastKnownFileType = file.storyboard; name = Base; path = Base.lproj/Main.storyboard; sourceTree = "<group>"; };
		D7414BA1289A97470053FBF1 /* Assets.xcassets */ = {isa = PBXFileReference; lastKnownFileType = folder.assetcatalog; path = Assets.xcassets; sourceTree = "<group>"; };
		D7414BA4289A97470053FBF1 /* Base */ = {isa = PBXFileReference; lastKnownFileType = file.storyboard; name = Base; path = Base.lproj/LaunchScreen.storyboard; sourceTree = "<group>"; };
		D7414BA6289A97470053FBF1 /* Info.plist */ = {isa = PBXFileReference; lastKnownFileType = text.plist.xml; path = Info.plist; sourceTree = "<group>"; };
		D7414BAB289A97470053FBF1 /* Contacts NewTests.xctest */ = {isa = PBXFileReference; explicitFileType = wrapper.cfbundle; includeInIndex = 0; path = "Contacts NewTests.xctest"; sourceTree = BUILT_PRODUCTS_DIR; };
		D7414BAF289A97470053FBF1 /* Contacts_NewTests.swift */ = {isa = PBXFileReference; lastKnownFileType = sourcecode.swift; path = Contacts_NewTests.swift; sourceTree = "<group>"; };
		D7414BB5289A97470053FBF1 /* Contacts NewUITests.xctest */ = {isa = PBXFileReference; explicitFileType = wrapper.cfbundle; includeInIndex = 0; path = "Contacts NewUITests.xctest"; sourceTree = BUILT_PRODUCTS_DIR; };
		D7414BB9289A97470053FBF1 /* Contacts_NewUITests.swift */ = {isa = PBXFileReference; lastKnownFileType = sourcecode.swift; path = Contacts_NewUITests.swift; sourceTree = "<group>"; };
		D7414BBB289A97470053FBF1 /* Contacts_NewUITestsLaunchTests.swift */ = {isa = PBXFileReference; lastKnownFileType = sourcecode.swift; path = Contacts_NewUITestsLaunchTests.swift; sourceTree = "<group>"; };
/* End PBXFileReference section */

/* Begin PBXFrameworksBuildPhase section */
		D7414B92289A97460053FBF1 /* Frameworks */ = {
			isa = PBXFrameworksBuildPhase;
			buildActionMask = 2147483647;
			files = (
			);
			runOnlyForDeploymentPostprocessing = 0;
		};
		D7414BA8289A97470053FBF1 /* Frameworks */ = {
			isa = PBXFrameworksBuildPhase;
			buildActionMask = 2147483647;
			files = (
			);
			runOnlyForDeploymentPostprocessing = 0;
		};
		D7414BB2289A97470053FBF1 /* Frameworks */ = {
			isa = PBXFrameworksBuildPhase;
			buildActionMask = 2147483647;
			files = (
			);
			runOnlyForDeploymentPostprocessing = 0;
		};
/* End PBXFrameworksBuildPhase section */

/* Begin PBXGroup section */
		D7414B8C289A97460053FBF1 = {
			isa = PBXGroup;
			children = (
				D7414B97289A97460053FBF1 /* Contacts New */,
				D7414BAE289A97470053FBF1 /* Contacts NewTests */,
				D7414BB8289A97470053FBF1 /* Contacts NewUITests */,
				D7414B96289A97460053FBF1 /* Products */,
			);
			sourceTree = "<group>";
		};
		D7414B96289A97460053FBF1 /* Products */ = {
			isa = PBXGroup;
			children = (
				D7414B95289A97460053FBF1 /* Contacts New.app */,
				D7414BAB289A97470053FBF1 /* Contacts NewTests.xctest */,
				D7414BB5289A97470053FBF1 /* Contacts NewUITests.xctest */,
			);
			name = Products;
			sourceTree = "<group>";
		};
		D7414B97289A97460053FBF1 /* Contacts New */ = {
			isa = PBXGroup;
			children = (
				D7414B98289A97460053FBF1 /* AppDelegate.swift */,
				D7414B9A289A97460053FBF1 /* SceneDelegate.swift */,
				D7414B9C289A97460053FBF1 /* ViewController.swift */,
				D7414B9E289A97460053FBF1 /* Main.storyboard */,
				D7414BA1289A97470053FBF1 /* Assets.xcassets */,
				D7414BA3289A97470053FBF1 /* LaunchScreen.storyboard */,
				D7414BA6289A97470053FBF1 /* Info.plist */,
			);
			path = "Contacts New";
			sourceTree = "<group>";
		};
		D7414BAE289A97470053FBF1 /* Contacts NewTests */ = {
			isa = PBXGroup;
			children = (
				D7414BAF289A97470053FBF1 /* Contacts_NewTests.swift */,
			);
			path = "Contacts NewTests";
			sourceTree = "<group>";
		};
		D7414BB8289A97470053FBF1 /* Contacts NewUITests */ = {
			isa = PBXGroup;
			children = (
				D7414BB9289A97470053FBF1 /* Contacts_NewUITests.swift */,
				D7414BBB289A97470053FBF1 /* Contacts_NewUITestsLaunchTests.swift */,
			);
			path = "Contacts NewUITests";
			sourceTree = "<group>";
		};
/* End PBXGroup section */

/* Begin PBXNativeTarget section */
		D7414B94289A97460053FBF1 /* Contacts New */ = {
			isa = PBXNativeTarget;
			buildConfigurationList = D7414BBF289A97470053FBF1 /* Build configuration list for PBXNativeTarget "Contacts New" */;
			buildPhases = (
				D7414B91289A97460053FBF1 /* Sources */,
				D7414B92289A97460053FBF1 /* Frameworks */,
				D7414B93289A97460053FBF1 /* Resources */,
			);
			buildRules = (
			);
			dependencies = (
			);
			name = "Contacts New";
			productName = "Contacts New";
			productReference = D7414B95289A97460053FBF1 /* Contacts New.app */;
			productType = "com.apple.product-type.application";
		};
		D7414BAA289A97470053FBF1 /* Contacts NewTests */ = {
			isa = PBXNativeTarget;
			buildConfigurationList = D7414BC2289A97470053FBF1 /* Build configuration list for PBXNativeTarget "Contacts NewTests" */;
			buildPhases = (
				D7414BA7289A97470053FBF1 /* Sources */,
				D7414BA8289A97470053FBF1 /* Frameworks */,
				D7414BA9289A97470053FBF1 /* Resources */,
			);
			buildRules = (
			);
			dependencies = (
				D7414BAD289A97470053FBF1 /* PBXTargetDependency */,
			);
			name = "Contacts NewTests";
			productName = "Contacts NewTests";
			productReference = D7414BAB289A97470053FBF1 /* Contacts NewTests.xctest */;
			productType = "com.apple.product-type.bundle.unit-test";
		};
		D7414BB4289A97470053FBF1 /* Contacts NewUITests */ = {
			isa = PBXNativeTarget;
			buildConfigurationList = D7414BC5289A97470053FBF1 /* Build configuration list for PBXNativeTarget "Contacts NewUITests" */;
			buildPhases = (
				D7414BB1289A97470053FBF1 /* Sources */,
				D7414BB2289A97470053FBF1 /* Frameworks */,
				D7414BB3289A97470053FBF1 /* Resources */,
			);
			buildRules = (
			);
			dependencies = (
				D7414BB7289A97470053FBF1 /* PBXTargetDependency */,
			);
			name = "Contacts NewUITests";
			productName = "Contacts NewUITests";
			productReference = D7414BB5289A97470053FBF1 /* Contacts NewUITests.xctest */;
			productType = "com.apple.product-type.bundle.ui-testing";
		};
/* End PBXNativeTarget section */

/* Begin PBXProject section */
		D7414B8D289A97460053FBF1 /* Project object */ = {
			isa = PBXProject;
			attributes = {
				BuildIndependentTargetsInParallel = 1;
				LastSwiftUpdateCheck = 1340;
				LastUpgradeCheck = 1340;
				TargetAttributes = {
					D7414B94289A97460053FBF1 = {
						CreatedOnToolsVersion = 13.4.1;
					};
					D7414BAA289A97470053FBF1 = {
						CreatedOnToolsVersion = 13.4.1;
						TestTargetID = D7414B94289A97460053FBF1;
					};
					D7414BB4289A97470053FBF1 = {
						CreatedOnToolsVersion = 13.4.1;
						TestTargetID = D7414B94289A97460053FBF1;
					};
				};
			};
			buildConfigurationList = D7414B90289A97460053FBF1 /* Build configuration list for PBXProject "Contacts New" */;
			compatibilityVersion = "Xcode 13.0";
			developmentRegion = en;
			hasScannedForEncodings = 0;
			knownRegions = (
				en,
				Base,
			);
			mainGroup = D7414B8C289A97460053FBF1;
			productRefGroup = D7414B96289A97460053FBF1 /* Products */;
			projectDirPath = "";
			projectRoot = "";
			targets = (
				D7414B94289A97460053FBF1 /* Contacts New */,
				D7414BAA289A97470053FBF1 /* Contacts NewTests */,
				D7414BB4289A97470053FBF1 /* Contacts NewUITests */,
			);
		};
/* End PBXProject section */

/* Begin PBXResourcesBuildPhase section */
		D7414B93289A97460053FBF1 /* Resources */ = {
			isa = PBXResourcesBuildPhase;
			buildActionMask = 2147483647;
			files = (
				D7414BA5289A97470053FBF1 /* LaunchScreen.storyboard in Resources */,
				D7414BA2289A97470053FBF1 /* Assets.xcassets in Resources */,
				D7414BA0289A97460053FBF1 /* Main.storyboard in Resources */,
			);
			runOnlyForDeploymentPostprocessing = 0;
		};
		D7414BA9289A97470053FBF1 /* Resources */ = {
			isa = PBXResourcesBuildPhase;
			buildActionMask = 2147483647;
			files = (
			);
			runOnlyForDeploymentPostprocessing = 0;
		};
		D7414BB3289A97470053FBF1 /* Resources */ = {
			isa = PBXResourcesBuildPhase;
			buildActionMask = 2147483647;
			files = (
			);
			runOnlyForDeploymentPostprocessing = 0;
		};
/* End PBXResourcesBuildPhase section */

/* Begin PBXSourcesBuildPhase section */
		D7414B91289A97460053FBF1 /* Sources */ = {
			isa = PBXSourcesBuildPhase;
			buildActionMask = 2147483647;
			files = (
				D7414B9D289A97460053FBF1 /* ViewController.swift in Sources */,
				D7414B99289A97460053FBF1 /* AppDelegate.swift in Sources */,
				D7414B9B289A97460053FBF1 /* SceneDelegate.swift in Sources */,
			);
			runOnlyForDeploymentPostprocessing = 0;
		};
		D7414BA7289A97470053FBF1 /* Sources */ = {
			isa = PBXSourcesBuildPhase;
			buildActionMask = 2147483647;
			files = (
				D7414BB0289A97470053FBF1 /* Contacts_NewTests.swift in Sources */,
			);
			runOnlyForDeploymentPostprocessing = 0;
		};
		D7414BB1289A97470053FBF1 /* Sources */ = {
			isa = PBXSourcesBuildPhase;
			buildActionMask = 2147483647;
			files = (
				D7414BBC289A97470053FBF1 /* Contacts_NewUITestsLaunchTests.swift in Sources */,
				D7414BBA289A97470053FBF1 /* Contacts_NewUITests.swift in Sources */,
			);
			runOnlyForDeploymentPostprocessing = 0;
		};
/* End PBXSourcesBuildPhase section */

/* Begin PBXTargetDependency section */
		D7414BAD289A97470053FBF1 /* PBXTargetDependency */ = {
			isa = PBXTargetDependency;
			target = D7414B94289A97460053FBF1 /* Contacts New */;
			targetProxy = D7414BAC289A97470053FBF1 /* PBXContainerItemProxy */;
		};
		D7414BB7289A97470053FBF1 /* PBXTargetDependency */ = {
			isa = PBXTargetDependency;
			target = D7414B94289A97460053FBF1 /* Contacts New */;
			targetProxy = D7414BB6289A97470053FBF1 /* PBXContainerItemProxy */;
		};
/* End PBXTargetDependency section */

/* Begin PBXVariantGroup section */
		D7414B9E289A97460053FBF1 /* Main.storyboard */ = {
			isa = PBXVariantGroup;
			children = (
				D7414B9F289A97460053FBF1 /* Base */,
			);
			name = Main.storyboard;
			sourceTree = "<group>";
		};
		D7414BA3289A97470053FBF1 /* LaunchScreen.storyboard */ = {
			isa = PBXVariantGroup;
			children = (
				D7414BA4289A97470053FBF1 /* Base */,
			);
			name = LaunchScreen.storyboard;
			sourceTree = "<group>";
		};
/* End PBXVariantGroup section */

/* Begin XCBuildConfiguration section */
		D7414BBD289A97470053FBF1 /* Debug */ = {
			isa = XCBuildConfiguration;
			buildSettings = {
				ALWAYS_SEARCH_USER_PATHS = NO;
				CLANG_ANALYZER_NONNULL = YES;
				CLANG_ANALYZER_NUMBER_OBJECT_CONVERSION = YES_AGGRESSIVE;
				CLANG_CXX_LANGUAGE_STANDARD = "gnu++17";
				CLANG_ENABLE_MODULES = YES;
				CLANG_ENABLE_OBJC_ARC = YES;
				CLANG_ENABLE_OBJC_WEAK = YES;
				CLANG_WARN_BLOCK_CAPTURE_AUTORELEASING = YES;
				CLANG_WARN_BOOL_CONVERSION = YES;
				CLANG_WARN_COMMA = YES;
				CLANG_WARN_CONSTANT_CONVERSION = YES;
				CLANG_WARN_DEPRECATED_OBJC_IMPLEMENTATIONS = YES;
				CLANG_WARN_DIRECT_OBJC_ISA_USAGE = YES_ERROR;
				CLANG_WARN_DOCUMENTATION_COMMENTS = YES;
				CLANG_WARN_EMPTY_BODY = YES;
				CLANG_WARN_ENUM_CONVERSION = YES;
				CLANG_WARN_INFINITE_RECURSION = YES;
				CLANG_WARN_INT_CONVERSION = YES;
				CLANG_WARN_NON_LITERAL_NULL_CONVERSION = YES;
				CLANG_WARN_OBJC_IMPLICIT_RETAIN_SELF = YES;
				CLANG_WARN_OBJC_LITERAL_CONVERSION = YES;
				CLANG_WARN_OBJC_ROOT_CLASS = YES_ERROR;
				CLANG_WARN_QUOTED_INCLUDE_IN_FRAMEWORK_HEADER = YES;
				CLANG_WARN_RANGE_LOOP_ANALYSIS = YES;
				CLANG_WARN_STRICT_PROTOTYPES = YES;
				CLANG_WARN_SUSPICIOUS_MOVE = YES;
				CLANG_WARN_UNGUARDED_AVAILABILITY = YES_AGGRESSIVE;
				CLANG_WARN_UNREACHABLE_CODE = YES;
				CLANG_WARN__DUPLICATE_METHOD_MATCH = YES;
				COPY_PHASE_STRIP = NO;
				DEBUG_INFORMATION_FORMAT = dwarf;
				ENABLE_STRICT_OBJC_MSGSEND = YES;
				ENABLE_TESTABILITY = YES;
				GCC_C_LANGUAGE_STANDARD = gnu11;
				GCC_DYNAMIC_NO_PIC = NO;
				GCC_NO_COMMON_BLOCKS = YES;
				GCC_OPTIMIZATION_LEVEL = 0;
				GCC_PREPROCESSOR_DEFINITIONS = (
					"DEBUG=1",
					"$(inherited)",
				);
				GCC_WARN_64_TO_32_BIT_CONVERSION = YES;
				GCC_WARN_ABOUT_RETURN_TYPE = YES_ERROR;
				GCC_WARN_UNDECLARED_SELECTOR = YES;
				GCC_WARN_UNINITIALIZED_AUTOS = YES_AGGRESSIVE;
				GCC_WARN_UNUSED_FUNCTION = YES;
				GCC_WARN_UNUSED_VARIABLE = YES;
				IPHONEOS_DEPLOYMENT_TARGET = 15.5;
				MTL_ENABLE_DEBUG_INFO = INCLUDE_SOURCE;
				MTL_FAST_MATH = YES;
				ONLY_ACTIVE_ARCH = YES;
				SDKROOT = iphoneos;
				SWIFT_ACTIVE_COMPILATION_CONDITIONS = DEBUG;
				SWIFT_OPTIMIZATION_LEVEL = "-Onone";
			};
			name = Debug;
		};
		D7414BBE289A97470053FBF1 /* Release */ = {
			isa = XCBuildConfiguration;
			buildSettings = {
				ALWAYS_SEARCH_USER_PATHS = NO;
				CLANG_ANALYZER_NONNULL = YES;
				CLANG_ANALYZER_NUMBER_OBJECT_CONVERSION = YES_AGGRESSIVE;
				CLANG_CXX_LANGUAGE_STANDARD = "gnu++17";
				CLANG_ENABLE_MODULES = YES;
				CLANG_ENABLE_OBJC_ARC = YES;
				CLANG_ENABLE_OBJC_WEAK = YES;
				CLANG_WARN_BLOCK_CAPTURE_AUTORELEASING = YES;
				CLANG_WARN_BOOL_CONVERSION = YES;
				CLANG_WARN_COMMA = YES;
				CLANG_WARN_CONSTANT_CONVERSION = YES;
				CLANG_WARN_DEPRECATED_OBJC_IMPLEMENTATIONS = YES;
				CLANG_WARN_DIRECT_OBJC_ISA_USAGE = YES_ERROR;
				CLANG_WARN_DOCUMENTATION_COMMENTS = YES;
				CLANG_WARN_EMPTY_BODY = YES;
				CLANG_WARN_ENUM_CONVERSION = YES;
				CLANG_WARN_INFINITE_RECURSION = YES;
				CLANG_WARN_INT_CONVERSION = YES;
				CLANG_WARN_NON_LITERAL_NULL_CONVERSION = YES;
				CLANG_WARN_OBJC_IMPLICIT_RETAIN_SELF = YES;
				CLANG_WARN_OBJC_LITERAL_CONVERSION = YES;
				CLANG_WARN_OBJC_ROOT_CLASS = YES_ERROR;
				CLANG_WARN_QUOTED_INCLUDE_IN_FRAMEWORK_HEADER = YES;
				CLANG_WARN_RANGE_LOOP_ANALYSIS = YES;
				CLANG_WARN_STRICT_PROTOTYPES = YES;
				CLANG_WARN_SUSPICIOUS_MOVE = YES;
				CLANG_WARN_UNGUARDED_AVAILABILITY = YES_AGGRESSIVE;
				CLANG_WARN_UNREACHABLE_CODE = YES;
				CLANG_WARN__DUPLICATE_METHOD_MATCH = YES;
				COPY_PHASE_STRIP = NO;
				DEBUG_INFORMATION_FORMAT = "dwarf-with-dsym";
				ENABLE_NS_ASSERTIONS = NO;
				ENABLE_STRICT_OBJC_MSGSEND = YES;
				GCC_C_LANGUAGE_STANDARD = gnu11;
				GCC_NO_COMMON_BLOCKS = YES;
				GCC_WARN_64_TO_32_BIT_CONVERSION = YES;
				GCC_WARN_ABOUT_RETURN_TYPE = YES_ERROR;
				GCC_WARN_UNDECLARED_SELECTOR = YES;
				GCC_WARN_UNINITIALIZED_AUTOS = YES_AGGRESSIVE;
				GCC_WARN_UNUSED_FUNCTION = YES;
				GCC_WARN_UNUSED_VARIABLE = YES;
				IPHONEOS_DEPLOYMENT_TARGET = 15.5;
				MTL_ENABLE_DEBUG_INFO = NO;
				MTL_FAST_MATH = YES;
				SDKROOT = iphoneos;
				SWIFT_COMPILATION_MODE = wholemodule;
				SWIFT_OPTIMIZATION_LEVEL = "-O";
				VALIDATE_PRODUCT = YES;
			};
			name = Release;
		};
		D7414BC0289A97470053FBF1 /* Debug */ = {
			isa = XCBuildConfiguration;
			buildSettings = {
				ASSETCATALOG_COMPILER_APPICON_NAME = AppIcon;
				ASSETCATALOG_COMPILER_GLOBAL_ACCENT_COLOR_NAME = AccentColor;
				CODE_SIGN_STYLE = Automatic;
				CURRENT_PROJECT_VERSION = 1;
				DEVELOPMENT_TEAM = 36R3U92RG6;
				GENERATE_INFOPLIST_FILE = YES;
				INFOPLIST_FILE = "Contacts New/Info.plist";
				INFOPLIST_KEY_UIApplicationSupportsIndirectInputEvents = YES;
				INFOPLIST_KEY_UILaunchStoryboardName = LaunchScreen;
				INFOPLIST_KEY_UIMainStoryboardFile = Main;
				INFOPLIST_KEY_UISupportedInterfaceOrientations_iPad = "UIInterfaceOrientationPortrait UIInterfaceOrientationPortraitUpsideDown UIInterfaceOrientationLandscapeLeft UIInterfaceOrientationLandscapeRight";
				INFOPLIST_KEY_UISupportedInterfaceOrientations_iPhone = "UIInterfaceOrientationPortrait UIInterfaceOrientationLandscapeLeft UIInterfaceOrientationLandscapeRight";
				LD_RUNPATH_SEARCH_PATHS = (
					"$(inherited)",
					"@executable_path/Frameworks",
				);
				MARKETING_VERSION = 1.0;
				PRODUCT_BUNDLE_IDENTIFIER = "aizel.Contacts-New";
				PRODUCT_NAME = "$(TARGET_NAME)";
				SWIFT_EMIT_LOC_STRINGS = YES;
				SWIFT_VERSION = 5.0;
				TARGETED_DEVICE_FAMILY = "1,2";
			};
			name = Debug;
		};
		D7414BC1289A97470053FBF1 /* Release */ = {
			isa = XCBuildConfiguration;
			buildSettings = {
				ASSETCATALOG_COMPILER_APPICON_NAME = AppIcon;
				ASSETCATALOG_COMPILER_GLOBAL_ACCENT_COLOR_NAME = AccentColor;
				CODE_SIGN_STYLE = Automatic;
				CURRENT_PROJECT_VERSION = 1;
				DEVELOPMENT_TEAM = 36R3U92RG6;
				GENERATE_INFOPLIST_FILE = YES;
				INFOPLIST_FILE = "Contacts New/Info.plist";
				INFOPLIST_KEY_UIApplicationSupportsIndirectInputEvents = YES;
				INFOPLIST_KEY_UILaunchStoryboardName = LaunchScreen;
				INFOPLIST_KEY_UIMainStoryboardFile = Main;
				INFOPLIST_KEY_UISupportedInterfaceOrientations_iPad = "UIInterfaceOrientationPortrait UIInterfaceOrientationPortraitUpsideDown UIInterfaceOrientationLandscapeLeft UIInterfaceOrientationLandscapeRight";
				INFOPLIST_KEY_UISupportedInterfaceOrientations_iPhone = "UIInterfaceOrientationPortrait UIInterfaceOrientationLandscapeLeft UIInterfaceOrientationLandscapeRight";
				LD_RUNPATH_SEARCH_PATHS = (
					"$(inherited)",
					"@executable_path/Frameworks",
				);
				MARKETING_VERSION = 1.0;
				PRODUCT_BUNDLE_IDENTIFIER = "aizel.Contacts-New";
				PRODUCT_NAME = "$(TARGET_NAME)";
				SWIFT_EMIT_LOC_STRINGS = YES;
				SWIFT_VERSION = 5.0;
				TARGETED_DEVICE_FAMILY = "1,2";
			};
			name = Release;
		};
		D7414BC3289A97470053FBF1 /* Debug */ = {
			isa = XCBuildConfiguration;
			buildSettings = {
				ALWAYS_EMBED_SWIFT_STANDARD_LIBRARIES = YES;
				BUNDLE_LOADER = "$(TEST_HOST)";
				CODE_SIGN_STYLE = Automatic;
				CURRENT_PROJECT_VERSION = 1;
				DEVELOPMENT_TEAM = 36R3U92RG6;
				GENERATE_INFOPLIST_FILE = YES;
				IPHONEOS_DEPLOYMENT_TARGET = 15.5;
				MARKETING_VERSION = 1.0;
				PRODUCT_BUNDLE_IDENTIFIER = "aizel.Contacts-NewTests";
				PRODUCT_NAME = "$(TARGET_NAME)";
				SWIFT_EMIT_LOC_STRINGS = NO;
				SWIFT_VERSION = 5.0;
				TARGETED_DEVICE_FAMILY = "1,2";
				TEST_HOST = "$(BUILT_PRODUCTS_DIR)/Contacts New.app/Contacts New";
			};
			name = Debug;
		};
		D7414BC4289A97470053FBF1 /* Release */ = {
			isa = XCBuildConfiguration;
			buildSettings = {
				ALWAYS_EMBED_SWIFT_STANDARD_LIBRARIES = YES;
				BUNDLE_LOADER = "$(TEST_HOST)";
				CODE_SIGN_STYLE = Automatic;
				CURRENT_PROJECT_VERSION = 1;
				DEVELOPMENT_TEAM = 36R3U92RG6;
				GENERATE_INFOPLIST_FILE = YES;
				IPHONEOS_DEPLOYMENT_TARGET = 15.5;
				MARKETING_VERSION = 1.0;
				PRODUCT_BUNDLE_IDENTIFIER = "aizel.Contacts-NewTests";
				PRODUCT_NAME = "$(TARGET_NAME)";
				SWIFT_EMIT_LOC_STRINGS = NO;
				SWIFT_VERSION = 5.0;
				TARGETED_DEVICE_FAMILY = "1,2";
				TEST_HOST = "$(BUILT_PRODUCTS_DIR)/Contacts New.app/Contacts New";
			};
			name = Release;
		};
		D7414BC6289A97470053FBF1 /* Debug */ = {
			isa = XCBuildConfiguration;
			buildSettings = {
				ALWAYS_EMBED_SWIFT_STANDARD_LIBRARIES = YES;
				CODE_SIGN_STYLE = Automatic;
				CURRENT_PROJECT_VERSION = 1;
				DEVELOPMENT_TEAM = 36R3U92RG6;
				GENERATE_INFOPLIST_FILE = YES;
				MARKETING_VERSION = 1.0;
				PRODUCT_BUNDLE_IDENTIFIER = "aizel.Contacts-NewUITests";
				PRODUCT_NAME = "$(TARGET_NAME)";
				SWIFT_EMIT_LOC_STRINGS = NO;
				SWIFT_VERSION = 5.0;
				TARGETED_DEVICE_FAMILY = "1,2";
				TEST_TARGET_NAME = "Contacts New";
			};
			name = Debug;
		};
		D7414BC7289A97470053FBF1 /* Release */ = {
			isa = XCBuildConfiguration;
			buildSettings = {
				ALWAYS_EMBED_SWIFT_STANDARD_LIBRARIES = YES;
				CODE_SIGN_STYLE = Automatic;
				CURRENT_PROJECT_VERSION = 1;
				DEVELOPMENT_TEAM = 36R3U92RG6;
				GENERATE_INFOPLIST_FILE = YES;
				MARKETING_VERSION = 1.0;
				PRODUCT_BUNDLE_IDENTIFIER = "aizel.Contacts-NewUITests";
				PRODUCT_NAME = "$(TARGET_NAME)";
				SWIFT_EMIT_LOC_STRINGS = NO;
				SWIFT_VERSION = 5.0;
				TARGETED_DEVICE_FAMILY = "1,2";
				TEST_TARGET_NAME = "Contacts New";
			};
			name = Release;
		};
/* End XCBuildConfiguration section */

/* Begin XCConfigurationList section */
		D7414B90289A97460053FBF1 /* Build configuration list for PBXProject "Contacts New" */ = {
			isa = XCConfigurationList;
			buildConfigurations = (
				D7414BBD289A97470053FBF1 /* Debug */,
				D7414BBE289A97470053FBF1 /* Release */,
			);
			defaultConfigurationIsVisible = 0;
			defaultConfigurationName = Release;
		};
		D7414BBF289A97470053FBF1 /* Build configuration list for PBXNativeTarget "Contacts New" */ = {
			isa = XCConfigurationList;
			buildConfigurations = (
				D7414BC0289A97470053FBF1 /* Debug */,
				D7414BC1289A97470053FBF1 /* Release */,
			);
			defaultConfigurationIsVisible = 0;
			defaultConfigurationName = Release;
		};
		D7414BC2289A97470053FBF1 /* Build configuration list for PBXNativeTarget "Contacts NewTests" */ = {
			isa = XCConfigurationList;
			buildConfigurations = (
				D7414BC3289A97470053FBF1 /* Debug */,
				D7414BC4289A97470053FBF1 /* Release */,
			);
			defaultConfigurationIsVisible = 0;
			defaultConfigurationName = Release;
		};
		D7414BC5289A97470053FBF1 /* Build configuration list for PBXNativeTarget "Contacts NewUITests" */ = {
			isa = XCConfigurationList;
			buildConfigurations = (
				D7414BC6289A97470053FBF1 /* Debug */,
				D7414BC7289A97470053FBF1 /* Release */,
			);
			defaultConfigurationIsVisible = 0;
			defaultConfigurationName = Release;
		};
/* End XCConfigurationList section */
	};
	rootObject = D7414B8D289A97460053FBF1 /* Project object */;
}
